{
  "requires": true,
  "lockfileVersion": 1,
  "dependencies": {
    "@types/frida-gum": {
      "version": "16.4.1",
      "resolved": "https://registry.npmjs.org/@types/frida-gum/-/frida-gum-16.4.1.tgz",
      "integrity": "sha512-UgnQ7i9CGbbhC0GSVm0OTLRMxgYinMWI5uKgeY5LPCg5tVfwx6iMsDOLWIdwtLkBCxm335+jy2ROy0+8cBqtzQ=="
    },
    "typescript": {
      "version": "4.2.3",
      "resolved": "https://registry.npmjs.org/typescript/-/typescript-4.2.3.tgz",
      "integrity": "sha512-qOcYwxaByStAWrBf4x0fibwZvMRG+r4cQoTjbPtUlrWjBHbmCAww1i448U0GJ+3cNNEtebDteo/cHOR3xJ4wEw=="
    }
  }
}
